
Microsoft Visual Studio Solution File, Format Version 12.00
# Visual Studio Version 16
VisualStudioVersion = 16.0.34031.81
MinimumVisualStudioVersion = 10.0.40219.1
Project("{2150E333-8FDC-42A3-9474-1A3956D46DE8}") = "Task0", "Task0", "{21C4612A-ACAC-4C37-A7CF-B0067CE3D6E9}"
EndProject
Project("{FAE04EC0-301F-11D3-BF4B-00C04F79EFBC}") = "Tyuiu.DragomeretskiyED.Sprint6.Task0.V13.Lib", "Tyuiu.DragomeretskiyED.Sprint6.Task0.V13.Lib\Tyuiu.DragomeretskiyED.Sprint6.Task0.V13.Lib.csproj", "{0E88B84C-538C-4FD0-8B1F-5BB9E669C8F1}"
EndProject
Project("{FAE04EC0-301F-11D3-BF4B-00C04F79EFBC}") = "Tyuiu.DragomeretskiyED.Sprint6.Task0.V13.Test", "Tyuiu.DragomeretskiyED.Sprint6.Task0.V13.Test\Tyuiu.DragomeretskiyED.Sprint6.Task0.V13.Test.csproj", "{507C3B0F-135E-4BEB-8CF1-B87CB9F4D6E0}"
EndProject
Project("{FAE04EC0-301F-11D3-BF4B-00C04F79EFBC}") = "Tyuiu.DragomeretskiyED.Sprint6.Task0.V13", "Tyuiu.DragomeretskiyED.Sprint6.Task0.V13\Tyuiu.DragomeretskiyED.Sprint6.Task0.V13.csproj", "{F0921DBB-B316-4616-8881-810E33E1245C}"
EndProject
Project("{2150E333-8FDC-42A3-9474-1A3956D46DE8}") = "Task1", "Task1", "{2DE71704-93BC-4C48-B6DF-13C5C173B9C5}"
EndProject
Project("{FAE04EC0-301F-11D3-BF4B-00C04F79EFBC}") = "Tyuiu.DragomeretskiyED.Sprint6.Task1.V11.Lib", "Tyuiu.DragomeretskiyED.Sprint6.Task1.V11.Lib\Tyuiu.DragomeretskiyED.Sprint6.Task1.V11.Lib.csproj", "{4924C21D-2ED7-4816-BE64-EB3D1E6AEB89}"
EndProject
Project("{FAE04EC0-301F-11D3-BF4B-00C04F79EFBC}") = "Tyuiu.DragomeretskiyED.Sprint6.Task1.V11.Test", "Tyuiu.DragomeretskiyED.Sprint6.Task1.V11.Test\Tyuiu.DragomeretskiyED.Sprint6.Task1.V11.Test.csproj", "{EE748D70-61F3-45BF-A55F-FBC4B0AF048C}"
EndProject
Project("{FAE04EC0-301F-11D3-BF4B-00C04F79EFBC}") = "Tyuiu.DragomeretskiyED.Sprint6.Task1.V11", "Tyuiu.DragomeretskiyED.Sprint6.Task1.V11\Tyuiu.DragomeretskiyED.Sprint6.Task1.V11.csproj", "{B2B64439-A760-467D-8FB3-5505EB0DE02F}"
EndProject
Project("{2150E333-8FDC-42A3-9474-1A3956D46DE8}") = "Task2", "Task2", "{EF36B9D1-69EE-4B72-9F7D-1D8524A5C57A}"
EndProject
Project("{FAE04EC0-301F-11D3-BF4B-00C04F79EFBC}") = "Tyuiu.DragomeretskiyED.Sprint6.Task2.V12.Lib", "Tyuiu.DragomeretskiyED.Sprint6.Task2.V12.Lib\Tyuiu.DragomeretskiyED.Sprint6.Task2.V12.Lib.csproj", "{5AB1D70E-BD35-4DC7-A5D3-7511B3C53FCD}"
EndProject
Project("{FAE04EC0-301F-11D3-BF4B-00C04F79EFBC}") = "Tyuiu.DragomeretskiyED.Sprint6.Task2.V12.Test", "Tyuiu.DragomeretskiyED.Sprint6.Task2.V12.Test\Tyuiu.DragomeretskiyED.Sprint6.Task2.V12.Test.csproj", "{91FFF11E-1627-418F-9FAC-0DFC62DE91BE}"
EndProject
Project("{FAE04EC0-301F-11D3-BF4B-00C04F79EFBC}") = "Tyuiu.DragomeretskiyED.Sprint6.Task2.V12", "Tyuiu.DragomeretskiyED.Sprint6.Task2.V12\Tyuiu.DragomeretskiyED.Sprint6.Task2.V12.csproj", "{7BED36C8-FAA0-4B58-8FA3-7F73D4AC4974}"
EndProject
Global
	GlobalSection(SolutionConfigurationPlatforms) = preSolution
		Debug|Any CPU = Debug|Any CPU
		Release|Any CPU = Release|Any CPU
	EndGlobalSection
	GlobalSection(ProjectConfigurationPlatforms) = postSolution
		{0E88B84C-538C-4FD0-8B1F-5BB9E669C8F1}.Debug|Any CPU.ActiveCfg = Debug|Any CPU
		{0E88B84C-538C-4FD0-8B1F-5BB9E669C8F1}.Debug|Any CPU.Build.0 = Debug|Any CPU
		{0E88B84C-538C-4FD0-8B1F-5BB9E669C8F1}.Release|Any CPU.ActiveCfg = Release|Any CPU
		{0E88B84C-538C-4FD0-8B1F-5BB9E669C8F1}.Release|Any CPU.Build.0 = Release|Any CPU
		{507C3B0F-135E-4BEB-8CF1-B87CB9F4D6E0}.Debug|Any CPU.ActiveCfg = Debug|Any CPU
		{507C3B0F-135E-4BEB-8CF1-B87CB9F4D6E0}.Debug|Any CPU.Build.0 = Debug|Any CPU
		{507C3B0F-135E-4BEB-8CF1-B87CB9F4D6E0}.Release|Any CPU.ActiveCfg = Release|Any CPU
		{507C3B0F-135E-4BEB-8CF1-B87CB9F4D6E0}.Release|Any CPU.Build.0 = Release|Any CPU
		{F0921DBB-B316-4616-8881-810E33E1245C}.Debug|Any CPU.ActiveCfg = Debug|Any CPU
		{F0921DBB-B316-4616-8881-810E33E1245C}.Debug|Any CPU.Build.0 = Debug|Any CPU
		{F0921DBB-B316-4616-8881-810E33E1245C}.Release|Any CPU.ActiveCfg = Release|Any CPU
		{F0921DBB-B316-4616-8881-810E33E1245C}.Release|Any CPU.Build.0 = Release|Any CPU
		{4924C21D-2ED7-4816-BE64-EB3D1E6AEB89}.Debug|Any CPU.ActiveCfg = Debug|Any CPU
		{4924C21D-2ED7-4816-BE64-EB3D1E6AEB89}.Debug|Any CPU.Build.0 = Debug|Any CPU
		{4924C21D-2ED7-4816-BE64-EB3D1E6AEB89}.Release|Any CPU.ActiveCfg = Release|Any CPU
		{4924C21D-2ED7-4816-BE64-EB3D1E6AEB89}.Release|Any CPU.Build.0 = Release|Any CPU
		{EE748D70-61F3-45BF-A55F-FBC4B0AF048C}.Debug|Any CPU.ActiveCfg = Debug|Any CPU
		{EE748D70-61F3-45BF-A55F-FBC4B0AF048C}.Debug|Any CPU.Build.0 = Debug|Any CPU
		{EE748D70-61F3-45BF-A55F-FBC4B0AF048C}.Release|Any CPU.ActiveCfg = Release|Any CPU
		{EE748D70-61F3-45BF-A55F-FBC4B0AF048C}.Release|Any CPU.Build.0 = Release|Any CPU
		{B2B64439-A760-467D-8FB3-5505EB0DE02F}.Debug|Any CPU.ActiveCfg = Debug|Any CPU
		{B2B64439-A760-467D-8FB3-5505EB0DE02F}.Debug|Any CPU.Build.0 = Debug|Any CPU
		{B2B64439-A760-467D-8FB3-5505EB0DE02F}.Release|Any CPU.ActiveCfg = Release|Any CPU
		{B2B64439-A760-467D-8FB3-5505EB0DE02F}.Release|Any CPU.Build.0 = Release|Any CPU
		{5AB1D70E-BD35-4DC7-A5D3-7511B3C53FCD}.Debug|Any CPU.ActiveCfg = Debug|Any CPU
		{5AB1D70E-BD35-4DC7-A5D3-7511B3C53FCD}.Debug|Any CPU.Build.0 = Debug|Any CPU
		{5AB1D70E-BD35-4DC7-A5D3-7511B3C53FCD}.Release|Any CPU.ActiveCfg = Release|Any CPU
		{5AB1D70E-BD35-4DC7-A5D3-7511B3C53FCD}.Release|Any CPU.Build.0 = Release|Any CPU
		{91FFF11E-1627-418F-9FAC-0DFC62DE91BE}.Debug|Any CPU.ActiveCfg = Debug|Any CPU
		{91FFF11E-1627-418F-9FAC-0DFC62DE91BE}.Debug|Any CPU.Build.0 = Debug|Any CPU
		{91FFF11E-1627-418F-9FAC-0DFC62DE91BE}.Release|Any CPU.ActiveCfg = Release|Any CPU
		{91FFF11E-1627-418F-9FAC-0DFC62DE91BE}.Release|Any CPU.Build.0 = Release|Any CPU
		{7BED36C8-FAA0-4B58-8FA3-7F73D4AC4974}.Debug|Any CPU.ActiveCfg = Debug|Any CPU
		{7BED36C8-FAA0-4B58-8FA3-7F73D4AC4974}.Debug|Any CPU.Build.0 = Debug|Any CPU
		{7BED36C8-FAA0-4B58-8FA3-7F73D4AC4974}.Release|Any CPU.ActiveCfg = Release|Any CPU
		{7BED36C8-FAA0-4B58-8FA3-7F73D4AC4974}.Release|Any CPU.Build.0 = Release|Any CPU
	EndGlobalSection
	GlobalSection(SolutionProperties) = preSolution
		HideSolutionNode = FALSE
	EndGlobalSection
	GlobalSection(NestedProjects) = preSolution
		{0E88B84C-538C-4FD0-8B1F-5BB9E669C8F1} = {21C4612A-ACAC-4C37-A7CF-B0067CE3D6E9}
		{507C3B0F-135E-4BEB-8CF1-B87CB9F4D6E0} = {21C4612A-ACAC-4C37-A7CF-B0067CE3D6E9}
		{F0921DBB-B316-4616-8881-810E33E1245C} = {21C4612A-ACAC-4C37-A7CF-B0067CE3D6E9}
		{4924C21D-2ED7-4816-BE64-EB3D1E6AEB89} = {2DE71704-93BC-4C48-B6DF-13C5C173B9C5}
		{EE748D70-61F3-45BF-A55F-FBC4B0AF048C} = {2DE71704-93BC-4C48-B6DF-13C5C173B9C5}
		{B2B64439-A760-467D-8FB3-5505EB0DE02F} = {2DE71704-93BC-4C48-B6DF-13C5C173B9C5}
		{5AB1D70E-BD35-4DC7-A5D3-7511B3C53FCD} = {EF36B9D1-69EE-4B72-9F7D-1D8524A5C57A}
		{91FFF11E-1627-418F-9FAC-0DFC62DE91BE} = {EF36B9D1-69EE-4B72-9F7D-1D8524A5C57A}
		{7BED36C8-FAA0-4B58-8FA3-7F73D4AC4974} = {EF36B9D1-69EE-4B72-9F7D-1D8524A5C57A}
	EndGlobalSection
	GlobalSection(ExtensibilityGlobals) = postSolution
		SolutionGuid = {99FA29A1-16FA-44CC-84F3-A2A8EADE787E}
	EndGlobalSection
EndGlobal
